
Microsoft Visual Studio Solution File, Format Version 12.00
# Visual Studio 14
VisualStudioVersion = 14.0.25420.1
MinimumVisualStudioVersion = 10.0.40219.1
Project("{FAE04EC0-301F-11D3-BF4B-00C04F79EFBC}") = "MLSandboxPOC", "MLSandboxPOC\MLSandboxPOC.csproj", "{FA94C468-D11B-472D-8544-EE7C7F35D515}"
EndProject
Project("{FAE04EC0-301F-11D3-BF4B-00C04F79EFBC}") = "DataProtector", "DataProtector\DataProtector.csproj", "{546B6BF5-C304-4DD2-80F8-DB98669467C0}"
EndProject
Project("{FAE04EC0-301F-11D3-BF4B-00C04F79EFBC}") = "CredsSetup", "CredsSetup\CredsSetup.csproj", "{BEB62B9D-4BF9-430D-A600-AE21BE15470C}"
EndProject
Global
	GlobalSection(SolutionConfigurationPlatforms) = preSolution
		Debug|Any CPU = Debug|Any CPU
		Release|Any CPU = Release|Any CPU
	EndGlobalSection
	GlobalSection(ProjectConfigurationPlatforms) = postSolution
		{FA94C468-D11B-472D-8544-EE7C7F35D515}.Debug|Any CPU.ActiveCfg = Debug|Any CPU
		{FA94C468-D11B-472D-8544-EE7C7F35D515}.Debug|Any CPU.Build.0 = Debug|Any CPU
		{FA94C468-D11B-472D-8544-EE7C7F35D515}.Release|Any CPU.ActiveCfg = Release|Any CPU
		{FA94C468-D11B-472D-8544-EE7C7F35D515}.Release|Any CPU.Build.0 = Release|Any CPU
		{546B6BF5-C304-4DD2-80F8-DB98669467C0}.Debug|Any CPU.ActiveCfg = Debug|Any CPU
		{546B6BF5-C304-4DD2-80F8-DB98669467C0}.Debug|Any CPU.Build.0 = Debug|Any CPU
		{546B6BF5-C304-4DD2-80F8-DB98669467C0}.Release|Any CPU.ActiveCfg = Release|Any CPU
		{546B6BF5-C304-4DD2-80F8-DB98669467C0}.Release|Any CPU.Build.0 = Release|Any CPU
		{BEB62B9D-4BF9-430D-A600-AE21BE15470C}.Debug|Any CPU.ActiveCfg = Debug|Any CPU
		{BEB62B9D-4BF9-430D-A600-AE21BE15470C}.Debug|Any CPU.Build.0 = Debug|Any CPU
		{BEB62B9D-4BF9-430D-A600-AE21BE15470C}.Release|Any CPU.ActiveCfg = Release|Any CPU
		{BEB62B9D-4BF9-430D-A600-AE21BE15470C}.Release|Any CPU.Build.0 = Release|Any CPU
	EndGlobalSection
	GlobalSection(SolutionProperties) = preSolution
		HideSolutionNode = FALSE
	EndGlobalSection
	GlobalSection(ExtensibilityGlobals) = postSolution
		EnterpriseLibraryConfigurationToolBinariesPath = packages\TransientFaultHandling.Core.5.1.1209.1\lib\NET4
	EndGlobalSection
EndGlobal
